
Microsoft Visual Studio Solution File, Format Version 12.00
# Visual Studio 2012
Project("{FAE04EC0-301F-11D3-BF4B-00C04F79EFBC}") = "GitApp.Lib", "GitApp.Lib\GitApp.Lib.csproj", "{14C543CA-7397-4154-8A11-F55C222F2299}"
EndProject
Global
	GlobalSection(SolutionConfigurationPlatforms) = preSolution
		Debug|Any CPU = Debug|Any CPU
		Release|Any CPU = Release|Any CPU
	EndGlobalSection
	GlobalSection(ProjectConfigurationPlatforms) = postSolution
		{14C543CA-7397-4154-8A11-F55C222F2299}.Debug|Any CPU.ActiveCfg = Debug|Any CPU
		{14C543CA-7397-4154-8A11-F55C222F2299}.Debug|Any CPU.Build.0 = Debug|Any CPU
		{14C543CA-7397-4154-8A11-F55C222F2299}.Release|Any CPU.ActiveCfg = Release|Any CPU
		{14C543CA-7397-4154-8A11-F55C222F2299}.Release|Any CPU.Build.0 = Release|Any CPU
	EndGlobalSection
	GlobalSection(SolutionProperties) = preSolution
		HideSolutionNode = FALSE
	EndGlobalSection
EndGlobal
